
Microsoft Visual Studio Solution File, Format Version 12.00
# Visual Studio Version 17
VisualStudioVersion = 17.7.34031.279
MinimumVisualStudioVersion = 10.0.40219.1
Project("{FAE04EC0-301F-11D3-BF4B-00C04F79EFBC}") = "Programming", "Programming.csproj", "{A2201F5F-D9D9-497B-A3BC-AD4BCD53AF23}"
EndProject
Global
	GlobalSection(SolutionConfigurationPlatforms) = preSolution
		Debug|Any CPU = Debug|Any CPU
		Release|Any CPU = Release|Any CPU
	EndGlobalSection
	GlobalSection(ProjectConfigurationPlatforms) = postSolution
		{A2201F5F-D9D9-497B-A3BC-AD4BCD53AF23}.Debug|Any CPU.ActiveCfg = Debug|Any CPU
		{A2201F5F-D9D9-497B-A3BC-AD4BCD53AF23}.Debug|Any CPU.Build.0 = Debug|Any CPU
		{A2201F5F-D9D9-497B-A3BC-AD4BCD53AF23}.Release|Any CPU.ActiveCfg = Release|Any CPU
		{A2201F5F-D9D9-497B-A3BC-AD4BCD53AF23}.Release|Any CPU.Build.0 = Release|Any CPU
	EndGlobalSection
	GlobalSection(SolutionProperties) = preSolution
		HideSolutionNode = FALSE
	EndGlobalSection
	GlobalSection(ExtensibilityGlobals) = postSolution
		SolutionGuid = {1AD1305F-967B-4029-8074-A003E2467FCE}
	EndGlobalSection
EndGlobal
